
Microsoft Visual Studio Solution File, Format Version 12.00
# Visual Studio Version 16
VisualStudioVersion = 16.0.30406.217
MinimumVisualStudioVersion = 15.0.26124.0
Project("{2150E333-8FDC-42A3-9474-1A3956D46DE8}") = "shared", "shared", "{6E07F499-C14A-4198-B7E8-324689270EA7}"
EndProject
Project("{9A19103F-16F7-4668-BE54-9A1E7A4F7556}") = "BevShopping.Shared.Brokers", "shared\BevShopping.Shared.Brokers\BevShopping.Shared.Brokers.csproj", "{B5F8B0AE-B7C9-451A-8440-7B8CCB7A489E}"
EndProject
Project("{9A19103F-16F7-4668-BE54-9A1E7A4F7556}") = "BevShopping.Shared.Core", "shared\BevShopping.Shared.Core\BevShopping.Shared.Core.csproj", "{A8D3FD5C-9B27-420B-AD34-43A2145C7754}"
EndProject
Project("{2150E333-8FDC-42A3-9474-1A3956D46DE8}") = "tests", "tests", "{16CA7961-32CC-404D-8DE3-9E2F69D8E61E}"
EndProject
Project("{9A19103F-16F7-4668-BE54-9A1E7A4F7556}") = "BevShopping.Auth.Tests", "tests\BevShopping.Auth.Tests\BevShopping.Auth.Tests.csproj", "{5BF7AC5D-1ABC-4F35-9988-EB5B233E7D80}"
EndProject
Project("{9A19103F-16F7-4668-BE54-9A1E7A4F7556}") = "BevShopping.Catalog.Tests", "tests\BevShopping.Catalog.Tests\BevShopping.Catalog.Tests.csproj", "{2954524B-1B03-4A28-95AA-2B385E6F8229}"
EndProject
Project("{9A19103F-16F7-4668-BE54-9A1E7A4F7556}") = "BevShopping.Delivery.Tests", "tests\BevShopping.Delivery.Tests\BevShopping.Delivery.Tests.csproj", "{F8D85647-B853-45AA-A9B0-9186D8F02321}"
EndProject
Project("{9A19103F-16F7-4668-BE54-9A1E7A4F7556}") = "BevShopping.Order.Tests", "tests\BevShopping.Order.Tests\BevShopping.Order.Tests.csproj", "{1F04E9F6-71EF-4248-8BBD-31BC2BF622C7}"
EndProject
Project("{9A19103F-16F7-4668-BE54-9A1E7A4F7556}") = "BevShopping.Payment.Tests", "tests\BevShopping.Payment.Tests\BevShopping.Payment.Tests.csproj", "{34D66B67-AE58-4DA4-8747-932D3AC41377}"
EndProject
Project("{2150E333-8FDC-42A3-9474-1A3956D46DE8}") = "src", "src", "{4F5C8D3E-D522-489E-9E63-C578425A3EA0}"
EndProject
Project("{2150E333-8FDC-42A3-9474-1A3956D46DE8}") = "CatalogService", "CatalogService", "{DB2633FE-58D4-409F-9624-22E7832A5AAC}"
EndProject
Project("{9A19103F-16F7-4668-BE54-9A1E7A4F7556}") = "BevShopping.Catalog.Application", "src\CatalogService\BevShopping.Catalog.Application\BevShopping.Catalog.Application.csproj", "{BBE2A005-1DC0-40B5-AF39-6B309D0C3E09}"
EndProject
Project("{9A19103F-16F7-4668-BE54-9A1E7A4F7556}") = "BevShopping.Catalog.Domain", "src\CatalogService\BevShopping.Catalog.Domain\BevShopping.Catalog.Domain.csproj", "{FF46EB21-E540-4C27-8D41-49D9AB865A96}"
EndProject
Project("{9A19103F-16F7-4668-BE54-9A1E7A4F7556}") = "BevShopping.Catalog.Data", "src\CatalogService\BevShopping.Catalog.Data\BevShopping.Catalog.Data.csproj", "{27B8506E-B061-45D7-A0EB-C34F61E3E2B9}"
EndProject
Project("{9A19103F-16F7-4668-BE54-9A1E7A4F7556}") = "BevShopping.Shared.Infra", "shared\BevShopping.Shared.Infra\BevShopping.Shared.Infra.csproj", "{4CA61009-5148-448A-B445-57DB87F63D2A}"
EndProject
Project("{FAE04EC0-301F-11D3-BF4B-00C04F79EFBC}") = "BevShopping.Catalog.Api", "src\CatalogService\BevShopping.Catalog.Api\BevShopping.Catalog.Api.csproj", "{234D03FE-FDE2-489C-A78D-1514A0D768CE}"
EndProject
Project("{2150E333-8FDC-42A3-9474-1A3956D46DE8}") = "ocelot", "ocelot", "{B5F6E74F-97F3-4843-B2B5-9FE9C4F5708F}"
EndProject
Project("{FAE04EC0-301F-11D3-BF4B-00C04F79EFBC}") = "ApiGateway", "ocelot\ApiGateway\ApiGateway.csproj", "{E08CF7AB-6C26-4146-AD84-6AF858473639}"
EndProject
Global
	GlobalSection(SolutionConfigurationPlatforms) = preSolution
		Debug|Any CPU = Debug|Any CPU
		Debug|x64 = Debug|x64
		Debug|x86 = Debug|x86
		Release|Any CPU = Release|Any CPU
		Release|x64 = Release|x64
		Release|x86 = Release|x86
	EndGlobalSection
	GlobalSection(ProjectConfigurationPlatforms) = postSolution
		{B5F8B0AE-B7C9-451A-8440-7B8CCB7A489E}.Debug|Any CPU.ActiveCfg = Debug|Any CPU
		{B5F8B0AE-B7C9-451A-8440-7B8CCB7A489E}.Debug|Any CPU.Build.0 = Debug|Any CPU
		{B5F8B0AE-B7C9-451A-8440-7B8CCB7A489E}.Debug|x64.ActiveCfg = Debug|Any CPU
		{B5F8B0AE-B7C9-451A-8440-7B8CCB7A489E}.Debug|x64.Build.0 = Debug|Any CPU
		{B5F8B0AE-B7C9-451A-8440-7B8CCB7A489E}.Debug|x86.ActiveCfg = Debug|Any CPU
		{B5F8B0AE-B7C9-451A-8440-7B8CCB7A489E}.Debug|x86.Build.0 = Debug|Any CPU
		{B5F8B0AE-B7C9-451A-8440-7B8CCB7A489E}.Release|Any CPU.ActiveCfg = Release|Any CPU
		{B5F8B0AE-B7C9-451A-8440-7B8CCB7A489E}.Release|Any CPU.Build.0 = Release|Any CPU
		{B5F8B0AE-B7C9-451A-8440-7B8CCB7A489E}.Release|x64.ActiveCfg = Release|Any CPU
		{B5F8B0AE-B7C9-451A-8440-7B8CCB7A489E}.Release|x64.Build.0 = Release|Any CPU
		{B5F8B0AE-B7C9-451A-8440-7B8CCB7A489E}.Release|x86.ActiveCfg = Release|Any CPU
		{B5F8B0AE-B7C9-451A-8440-7B8CCB7A489E}.Release|x86.Build.0 = Release|Any CPU
		{A8D3FD5C-9B27-420B-AD34-43A2145C7754}.Debug|Any CPU.ActiveCfg = Debug|Any CPU
		{A8D3FD5C-9B27-420B-AD34-43A2145C7754}.Debug|Any CPU.Build.0 = Debug|Any CPU
		{A8D3FD5C-9B27-420B-AD34-43A2145C7754}.Debug|x64.ActiveCfg = Debug|Any CPU
		{A8D3FD5C-9B27-420B-AD34-43A2145C7754}.Debug|x64.Build.0 = Debug|Any CPU
		{A8D3FD5C-9B27-420B-AD34-43A2145C7754}.Debug|x86.ActiveCfg = Debug|Any CPU
		{A8D3FD5C-9B27-420B-AD34-43A2145C7754}.Debug|x86.Build.0 = Debug|Any CPU
		{A8D3FD5C-9B27-420B-AD34-43A2145C7754}.Release|Any CPU.ActiveCfg = Release|Any CPU
		{A8D3FD5C-9B27-420B-AD34-43A2145C7754}.Release|Any CPU.Build.0 = Release|Any CPU
		{A8D3FD5C-9B27-420B-AD34-43A2145C7754}.Release|x64.ActiveCfg = Release|Any CPU
		{A8D3FD5C-9B27-420B-AD34-43A2145C7754}.Release|x64.Build.0 = Release|Any CPU
		{A8D3FD5C-9B27-420B-AD34-43A2145C7754}.Release|x86.ActiveCfg = Release|Any CPU
		{A8D3FD5C-9B27-420B-AD34-43A2145C7754}.Release|x86.Build.0 = Release|Any CPU
		{5BF7AC5D-1ABC-4F35-9988-EB5B233E7D80}.Debug|Any CPU.ActiveCfg = Debug|Any CPU
		{5BF7AC5D-1ABC-4F35-9988-EB5B233E7D80}.Debug|Any CPU.Build.0 = Debug|Any CPU
		{5BF7AC5D-1ABC-4F35-9988-EB5B233E7D80}.Debug|x64.ActiveCfg = Debug|Any CPU
		{5BF7AC5D-1ABC-4F35-9988-EB5B233E7D80}.Debug|x64.Build.0 = Debug|Any CPU
		{5BF7AC5D-1ABC-4F35-9988-EB5B233E7D80}.Debug|x86.ActiveCfg = Debug|Any CPU
		{5BF7AC5D-1ABC-4F35-9988-EB5B233E7D80}.Debug|x86.Build.0 = Debug|Any CPU
		{5BF7AC5D-1ABC-4F35-9988-EB5B233E7D80}.Release|Any CPU.ActiveCfg = Release|Any CPU
		{5BF7AC5D-1ABC-4F35-9988-EB5B233E7D80}.Release|Any CPU.Build.0 = Release|Any CPU
		{5BF7AC5D-1ABC-4F35-9988-EB5B233E7D80}.Release|x64.ActiveCfg = Release|Any CPU
		{5BF7AC5D-1ABC-4F35-9988-EB5B233E7D80}.Release|x64.Build.0 = Release|Any CPU
		{5BF7AC5D-1ABC-4F35-9988-EB5B233E7D80}.Release|x86.ActiveCfg = Release|Any CPU
		{5BF7AC5D-1ABC-4F35-9988-EB5B233E7D80}.Release|x86.Build.0 = Release|Any CPU
		{2954524B-1B03-4A28-95AA-2B385E6F8229}.Debug|Any CPU.ActiveCfg = Debug|Any CPU
		{2954524B-1B03-4A28-95AA-2B385E6F8229}.Debug|Any CPU.Build.0 = Debug|Any CPU
		{2954524B-1B03-4A28-95AA-2B385E6F8229}.Debug|x64.ActiveCfg = Debug|Any CPU
		{2954524B-1B03-4A28-95AA-2B385E6F8229}.Debug|x64.Build.0 = Debug|Any CPU
		{2954524B-1B03-4A28-95AA-2B385E6F8229}.Debug|x86.ActiveCfg = Debug|Any CPU
		{2954524B-1B03-4A28-95AA-2B385E6F8229}.Debug|x86.Build.0 = Debug|Any CPU
		{2954524B-1B03-4A28-95AA-2B385E6F8229}.Release|Any CPU.ActiveCfg = Release|Any CPU
		{2954524B-1B03-4A28-95AA-2B385E6F8229}.Release|Any CPU.Build.0 = Release|Any CPU
		{2954524B-1B03-4A28-95AA-2B385E6F8229}.Release|x64.ActiveCfg = Release|Any CPU
		{2954524B-1B03-4A28-95AA-2B385E6F8229}.Release|x64.Build.0 = Release|Any CPU
		{2954524B-1B03-4A28-95AA-2B385E6F8229}.Release|x86.ActiveCfg = Release|Any CPU
		{2954524B-1B03-4A28-95AA-2B385E6F8229}.Release|x86.Build.0 = Release|Any CPU
		{F8D85647-B853-45AA-A9B0-9186D8F02321}.Debug|Any CPU.ActiveCfg = Debug|Any CPU
		{F8D85647-B853-45AA-A9B0-9186D8F02321}.Debug|Any CPU.Build.0 = Debug|Any CPU
		{F8D85647-B853-45AA-A9B0-9186D8F02321}.Debug|x64.ActiveCfg = Debug|Any CPU
		{F8D85647-B853-45AA-A9B0-9186D8F02321}.Debug|x64.Build.0 = Debug|Any CPU
		{F8D85647-B853-45AA-A9B0-9186D8F02321}.Debug|x86.ActiveCfg = Debug|Any CPU
		{F8D85647-B853-45AA-A9B0-9186D8F02321}.Debug|x86.Build.0 = Debug|Any CPU
		{F8D85647-B853-45AA-A9B0-9186D8F02321}.Release|Any CPU.ActiveCfg = Release|Any CPU
		{F8D85647-B853-45AA-A9B0-9186D8F02321}.Release|Any CPU.Build.0 = Release|Any CPU
		{F8D85647-B853-45AA-A9B0-9186D8F02321}.Release|x64.ActiveCfg = Release|Any CPU
		{F8D85647-B853-45AA-A9B0-9186D8F02321}.Release|x64.Build.0 = Release|Any CPU
		{F8D85647-B853-45AA-A9B0-9186D8F02321}.Release|x86.ActiveCfg = Release|Any CPU
		{F8D85647-B853-45AA-A9B0-9186D8F02321}.Release|x86.Build.0 = Release|Any CPU
		{1F04E9F6-71EF-4248-8BBD-31BC2BF622C7}.Debug|Any CPU.ActiveCfg = Debug|Any CPU
		{1F04E9F6-71EF-4248-8BBD-31BC2BF622C7}.Debug|Any CPU.Build.0 = Debug|Any CPU
		{1F04E9F6-71EF-4248-8BBD-31BC2BF622C7}.Debug|x64.ActiveCfg = Debug|Any CPU
		{1F04E9F6-71EF-4248-8BBD-31BC2BF622C7}.Debug|x64.Build.0 = Debug|Any CPU
		{1F04E9F6-71EF-4248-8BBD-31BC2BF622C7}.Debug|x86.ActiveCfg = Debug|Any CPU
		{1F04E9F6-71EF-4248-8BBD-31BC2BF622C7}.Debug|x86.Build.0 = Debug|Any CPU
		{1F04E9F6-71EF-4248-8BBD-31BC2BF622C7}.Release|Any CPU.ActiveCfg = Release|Any CPU
		{1F04E9F6-71EF-4248-8BBD-31BC2BF622C7}.Release|Any CPU.Build.0 = Release|Any CPU
		{1F04E9F6-71EF-4248-8BBD-31BC2BF622C7}.Release|x64.ActiveCfg = Release|Any CPU
		{1F04E9F6-71EF-4248-8BBD-31BC2BF622C7}.Release|x64.Build.0 = Release|Any CPU
		{1F04E9F6-71EF-4248-8BBD-31BC2BF622C7}.Release|x86.ActiveCfg = Release|Any CPU
		{1F04E9F6-71EF-4248-8BBD-31BC2BF622C7}.Release|x86.Build.0 = Release|Any CPU
		{34D66B67-AE58-4DA4-8747-932D3AC41377}.Debug|Any CPU.ActiveCfg = Debug|Any CPU
		{34D66B67-AE58-4DA4-8747-932D3AC41377}.Debug|Any CPU.Build.0 = Debug|Any CPU
		{34D66B67-AE58-4DA4-8747-932D3AC41377}.Debug|x64.ActiveCfg = Debug|Any CPU
		{34D66B67-AE58-4DA4-8747-932D3AC41377}.Debug|x64.Build.0 = Debug|Any CPU
		{34D66B67-AE58-4DA4-8747-932D3AC41377}.Debug|x86.ActiveCfg = Debug|Any CPU
		{34D66B67-AE58-4DA4-8747-932D3AC41377}.Debug|x86.Build.0 = Debug|Any CPU
		{34D66B67-AE58-4DA4-8747-932D3AC41377}.Release|Any CPU.ActiveCfg = Release|Any CPU
		{34D66B67-AE58-4DA4-8747-932D3AC41377}.Release|Any CPU.Build.0 = Release|Any CPU
		{34D66B67-AE58-4DA4-8747-932D3AC41377}.Release|x64.ActiveCfg = Release|Any CPU
		{34D66B67-AE58-4DA4-8747-932D3AC41377}.Release|x64.Build.0 = Release|Any CPU
		{34D66B67-AE58-4DA4-8747-932D3AC41377}.Release|x86.ActiveCfg = Release|Any CPU
		{34D66B67-AE58-4DA4-8747-932D3AC41377}.Release|x86.Build.0 = Release|Any CPU
		{BBE2A005-1DC0-40B5-AF39-6B309D0C3E09}.Debug|Any CPU.ActiveCfg = Debug|Any CPU
		{BBE2A005-1DC0-40B5-AF39-6B309D0C3E09}.Debug|Any CPU.Build.0 = Debug|Any CPU
		{BBE2A005-1DC0-40B5-AF39-6B309D0C3E09}.Debug|x64.ActiveCfg = Debug|Any CPU
		{BBE2A005-1DC0-40B5-AF39-6B309D0C3E09}.Debug|x64.Build.0 = Debug|Any CPU
		{BBE2A005-1DC0-40B5-AF39-6B309D0C3E09}.Debug|x86.ActiveCfg = Debug|Any CPU
		{BBE2A005-1DC0-40B5-AF39-6B309D0C3E09}.Debug|x86.Build.0 = Debug|Any CPU
		{BBE2A005-1DC0-40B5-AF39-6B309D0C3E09}.Release|Any CPU.ActiveCfg = Release|Any CPU
		{BBE2A005-1DC0-40B5-AF39-6B309D0C3E09}.Release|Any CPU.Build.0 = Release|Any CPU
		{BBE2A005-1DC0-40B5-AF39-6B309D0C3E09}.Release|x64.ActiveCfg = Release|Any CPU
		{BBE2A005-1DC0-40B5-AF39-6B309D0C3E09}.Release|x64.Build.0 = Release|Any CPU
		{BBE2A005-1DC0-40B5-AF39-6B309D0C3E09}.Release|x86.ActiveCfg = Release|Any CPU
		{BBE2A005-1DC0-40B5-AF39-6B309D0C3E09}.Release|x86.Build.0 = Release|Any CPU
		{FF46EB21-E540-4C27-8D41-49D9AB865A96}.Debug|Any CPU.ActiveCfg = Debug|Any CPU
		{FF46EB21-E540-4C27-8D41-49D9AB865A96}.Debug|Any CPU.Build.0 = Debug|Any CPU
		{FF46EB21-E540-4C27-8D41-49D9AB865A96}.Debug|x64.ActiveCfg = Debug|Any CPU
		{FF46EB21-E540-4C27-8D41-49D9AB865A96}.Debug|x64.Build.0 = Debug|Any CPU
		{FF46EB21-E540-4C27-8D41-49D9AB865A96}.Debug|x86.ActiveCfg = Debug|Any CPU
		{FF46EB21-E540-4C27-8D41-49D9AB865A96}.Debug|x86.Build.0 = Debug|Any CPU
		{FF46EB21-E540-4C27-8D41-49D9AB865A96}.Release|Any CPU.ActiveCfg = Release|Any CPU
		{FF46EB21-E540-4C27-8D41-49D9AB865A96}.Release|Any CPU.Build.0 = Release|Any CPU
		{FF46EB21-E540-4C27-8D41-49D9AB865A96}.Release|x64.ActiveCfg = Release|Any CPU
		{FF46EB21-E540-4C27-8D41-49D9AB865A96}.Release|x64.Build.0 = Release|Any CPU
		{FF46EB21-E540-4C27-8D41-49D9AB865A96}.Release|x86.ActiveCfg = Release|Any CPU
		{FF46EB21-E540-4C27-8D41-49D9AB865A96}.Release|x86.Build.0 = Release|Any CPU
		{27B8506E-B061-45D7-A0EB-C34F61E3E2B9}.Debug|Any CPU.ActiveCfg = Debug|Any CPU
		{27B8506E-B061-45D7-A0EB-C34F61E3E2B9}.Debug|Any CPU.Build.0 = Debug|Any CPU
		{27B8506E-B061-45D7-A0EB-C34F61E3E2B9}.Debug|x64.ActiveCfg = Debug|Any CPU
		{27B8506E-B061-45D7-A0EB-C34F61E3E2B9}.Debug|x64.Build.0 = Debug|Any CPU
		{27B8506E-B061-45D7-A0EB-C34F61E3E2B9}.Debug|x86.ActiveCfg = Debug|Any CPU
		{27B8506E-B061-45D7-A0EB-C34F61E3E2B9}.Debug|x86.Build.0 = Debug|Any CPU
		{27B8506E-B061-45D7-A0EB-C34F61E3E2B9}.Release|Any CPU.ActiveCfg = Release|Any CPU
		{27B8506E-B061-45D7-A0EB-C34F61E3E2B9}.Release|Any CPU.Build.0 = Release|Any CPU
		{27B8506E-B061-45D7-A0EB-C34F61E3E2B9}.Release|x64.ActiveCfg = Release|Any CPU
		{27B8506E-B061-45D7-A0EB-C34F61E3E2B9}.Release|x64.Build.0 = Release|Any CPU
		{27B8506E-B061-45D7-A0EB-C34F61E3E2B9}.Release|x86.ActiveCfg = Release|Any CPU
		{27B8506E-B061-45D7-A0EB-C34F61E3E2B9}.Release|x86.Build.0 = Release|Any CPU
		{4CA61009-5148-448A-B445-57DB87F63D2A}.Debug|Any CPU.ActiveCfg = Debug|Any CPU
		{4CA61009-5148-448A-B445-57DB87F63D2A}.Debug|Any CPU.Build.0 = Debug|Any CPU
		{4CA61009-5148-448A-B445-57DB87F63D2A}.Debug|x64.ActiveCfg = Debug|Any CPU
		{4CA61009-5148-448A-B445-57DB87F63D2A}.Debug|x64.Build.0 = Debug|Any CPU
		{4CA61009-5148-448A-B445-57DB87F63D2A}.Debug|x86.ActiveCfg = Debug|Any CPU
		{4CA61009-5148-448A-B445-57DB87F63D2A}.Debug|x86.Build.0 = Debug|Any CPU
		{4CA61009-5148-448A-B445-57DB87F63D2A}.Release|Any CPU.ActiveCfg = Release|Any CPU
		{4CA61009-5148-448A-B445-57DB87F63D2A}.Release|Any CPU.Build.0 = Release|Any CPU
		{4CA61009-5148-448A-B445-57DB87F63D2A}.Release|x64.ActiveCfg = Release|Any CPU
		{4CA61009-5148-448A-B445-57DB87F63D2A}.Release|x64.Build.0 = Release|Any CPU
		{4CA61009-5148-448A-B445-57DB87F63D2A}.Release|x86.ActiveCfg = Release|Any CPU
		{4CA61009-5148-448A-B445-57DB87F63D2A}.Release|x86.Build.0 = Release|Any CPU
		{234D03FE-FDE2-489C-A78D-1514A0D768CE}.Debug|Any CPU.ActiveCfg = Debug|Any CPU
		{234D03FE-FDE2-489C-A78D-1514A0D768CE}.Debug|Any CPU.Build.0 = Debug|Any CPU
		{234D03FE-FDE2-489C-A78D-1514A0D768CE}.Debug|x64.ActiveCfg = Debug|Any CPU
		{234D03FE-FDE2-489C-A78D-1514A0D768CE}.Debug|x64.Build.0 = Debug|Any CPU
		{234D03FE-FDE2-489C-A78D-1514A0D768CE}.Debug|x86.ActiveCfg = Debug|Any CPU
		{234D03FE-FDE2-489C-A78D-1514A0D768CE}.Debug|x86.Build.0 = Debug|Any CPU
		{234D03FE-FDE2-489C-A78D-1514A0D768CE}.Release|Any CPU.ActiveCfg = Release|Any CPU
		{234D03FE-FDE2-489C-A78D-1514A0D768CE}.Release|Any CPU.Build.0 = Release|Any CPU
		{234D03FE-FDE2-489C-A78D-1514A0D768CE}.Release|x64.ActiveCfg = Release|Any CPU
		{234D03FE-FDE2-489C-A78D-1514A0D768CE}.Release|x64.Build.0 = Release|Any CPU
		{234D03FE-FDE2-489C-A78D-1514A0D768CE}.Release|x86.ActiveCfg = Release|Any CPU
		{234D03FE-FDE2-489C-A78D-1514A0D768CE}.Release|x86.Build.0 = Release|Any CPU
		{7D341204-9C0B-45F7-8EF1-C3EDE15AAD8F}.Debug|Any CPU.ActiveCfg = Debug|Any CPU
		{7D341204-9C0B-45F7-8EF1-C3EDE15AAD8F}.Debug|Any CPU.Build.0 = Debug|Any CPU
		{7D341204-9C0B-45F7-8EF1-C3EDE15AAD8F}.Debug|x64.ActiveCfg = Debug|Any CPU
		{7D341204-9C0B-45F7-8EF1-C3EDE15AAD8F}.Debug|x64.Build.0 = Debug|Any CPU
		{7D341204-9C0B-45F7-8EF1-C3EDE15AAD8F}.Debug|x86.ActiveCfg = Debug|Any CPU
		{7D341204-9C0B-45F7-8EF1-C3EDE15AAD8F}.Debug|x86.Build.0 = Debug|Any CPU
		{7D341204-9C0B-45F7-8EF1-C3EDE15AAD8F}.Release|Any CPU.ActiveCfg = Release|Any CPU
		{7D341204-9C0B-45F7-8EF1-C3EDE15AAD8F}.Release|Any CPU.Build.0 = Release|Any CPU
		{7D341204-9C0B-45F7-8EF1-C3EDE15AAD8F}.Release|x64.ActiveCfg = Release|Any CPU
		{7D341204-9C0B-45F7-8EF1-C3EDE15AAD8F}.Release|x64.Build.0 = Release|Any CPU
		{7D341204-9C0B-45F7-8EF1-C3EDE15AAD8F}.Release|x86.ActiveCfg = Release|Any CPU
		{7D341204-9C0B-45F7-8EF1-C3EDE15AAD8F}.Release|x86.Build.0 = Release|Any CPU
		{E08CF7AB-6C26-4146-AD84-6AF858473639}.Debug|Any CPU.ActiveCfg = Debug|Any CPU
		{E08CF7AB-6C26-4146-AD84-6AF858473639}.Debug|Any CPU.Build.0 = Debug|Any CPU
		{E08CF7AB-6C26-4146-AD84-6AF858473639}.Debug|x64.ActiveCfg = Debug|Any CPU
		{E08CF7AB-6C26-4146-AD84-6AF858473639}.Debug|x64.Build.0 = Debug|Any CPU
		{E08CF7AB-6C26-4146-AD84-6AF858473639}.Debug|x86.ActiveCfg = Debug|Any CPU
		{E08CF7AB-6C26-4146-AD84-6AF858473639}.Debug|x86.Build.0 = Debug|Any CPU
		{E08CF7AB-6C26-4146-AD84-6AF858473639}.Release|Any CPU.ActiveCfg = Release|Any CPU
		{E08CF7AB-6C26-4146-AD84-6AF858473639}.Release|Any CPU.Build.0 = Release|Any CPU
		{E08CF7AB-6C26-4146-AD84-6AF858473639}.Release|x64.ActiveCfg = Release|Any CPU
		{E08CF7AB-6C26-4146-AD84-6AF858473639}.Release|x64.Build.0 = Release|Any CPU
		{E08CF7AB-6C26-4146-AD84-6AF858473639}.Release|x86.ActiveCfg = Release|Any CPU
		{E08CF7AB-6C26-4146-AD84-6AF858473639}.Release|x86.Build.0 = Release|Any CPU
	EndGlobalSection
	GlobalSection(SolutionProperties) = preSolution
		HideSolutionNode = FALSE
	EndGlobalSection
	GlobalSection(NestedProjects) = preSolution
		{B5F8B0AE-B7C9-451A-8440-7B8CCB7A489E} = {6E07F499-C14A-4198-B7E8-324689270EA7}
		{A8D3FD5C-9B27-420B-AD34-43A2145C7754} = {6E07F499-C14A-4198-B7E8-324689270EA7}
		{5BF7AC5D-1ABC-4F35-9988-EB5B233E7D80} = {16CA7961-32CC-404D-8DE3-9E2F69D8E61E}
		{2954524B-1B03-4A28-95AA-2B385E6F8229} = {16CA7961-32CC-404D-8DE3-9E2F69D8E61E}
		{F8D85647-B853-45AA-A9B0-9186D8F02321} = {16CA7961-32CC-404D-8DE3-9E2F69D8E61E}
		{1F04E9F6-71EF-4248-8BBD-31BC2BF622C7} = {16CA7961-32CC-404D-8DE3-9E2F69D8E61E}
		{34D66B67-AE58-4DA4-8747-932D3AC41377} = {16CA7961-32CC-404D-8DE3-9E2F69D8E61E}
		{DB2633FE-58D4-409F-9624-22E7832A5AAC} = {4F5C8D3E-D522-489E-9E63-C578425A3EA0}
		{BBE2A005-1DC0-40B5-AF39-6B309D0C3E09} = {DB2633FE-58D4-409F-9624-22E7832A5AAC}
		{FF46EB21-E540-4C27-8D41-49D9AB865A96} = {DB2633FE-58D4-409F-9624-22E7832A5AAC}
		{27B8506E-B061-45D7-A0EB-C34F61E3E2B9} = {DB2633FE-58D4-409F-9624-22E7832A5AAC}
		{4CA61009-5148-448A-B445-57DB87F63D2A} = {6E07F499-C14A-4198-B7E8-324689270EA7}
		{234D03FE-FDE2-489C-A78D-1514A0D768CE} = {DB2633FE-58D4-409F-9624-22E7832A5AAC}
		{E08CF7AB-6C26-4146-AD84-6AF858473639} = {B5F6E74F-97F3-4843-B2B5-9FE9C4F5708F}
	EndGlobalSection
	GlobalSection(ExtensibilityGlobals) = postSolution
		SolutionGuid = {5E4AA376-5A6A-495E-810D-6A3B7E4A481F}
	EndGlobalSection
EndGlobal
